// !$*UTF8*$!
{
	archiveVersion = 1;
	classes = {
	};
	objectVersion = 50;
	objects = {

/* Begin PBXBuildFile section */
		8574F83A22D40C9000CBE213 /* AppDelegate.swift in Sources */ = {isa = PBXBuildFile; fileRef = 8574F83922D40C9000CBE213 /* AppDelegate.swift */; };
		8574F83C22D40C9000CBE213 /* ViewController.swift in Sources */ = {isa = PBXBuildFile; fileRef = 8574F83B22D40C9000CBE213 /* ViewController.swift */; };
		8574F83F22D40C9000CBE213 /* Main.storyboard in Resources */ = {isa = PBXBuildFile; fileRef = 8574F83D22D40C9000CBE213 /* Main.storyboard */; };
		8574F84122D40C9200CBE213 /* Assets.xcassets in Resources */ = {isa = PBXBuildFile; fileRef = 8574F84022D40C9200CBE213 /* Assets.xcassets */; };
		8574F84422D40C9200CBE213 /* LaunchScreen.storyboard in Resources */ = {isa = PBXBuildFile; fileRef = 8574F84222D40C9200CBE213 /* LaunchScreen.storyboard */; };
		8574F84F22D40C9200CBE213 /* CompanyMeetingSchedulerTests.swift in Sources */ = {isa = PBXBuildFile; fileRef = 8574F84E22D40C9200CBE213 /* CompanyMeetingSchedulerTests.swift */; };
		8574F85A22D40C9300CBE213 /* CompanyMeetingSchedulerUITests.swift in Sources */ = {isa = PBXBuildFile; fileRef = 8574F85922D40C9300CBE213 /* CompanyMeetingSchedulerUITests.swift */; };
		8574F87722D40CCF00CBE213 /* HTTPTask.swift in Sources */ = {isa = PBXBuildFile; fileRef = 8574F86922D40CCE00CBE213 /* HTTPTask.swift */; };
		8574F87822D40CCF00CBE213 /* Reachability.swift in Sources */ = {isa = PBXBuildFile; fileRef = 8574F86A22D40CCE00CBE213 /* Reachability.swift */; };
		8574F87922D40CCF00CBE213 /* HTTPMethod.swift in Sources */ = {isa = PBXBuildFile; fileRef = 8574F86B22D40CCE00CBE213 /* HTTPMethod.swift */; };
		8574F87A22D40CCF00CBE213 /* Router.swift in Sources */ = {isa = PBXBuildFile; fileRef = 8574F86C22D40CCE00CBE213 /* Router.swift */; };
		8574F87B22D40CCF00CBE213 /* NetworkLogger.swift in Sources */ = {isa = PBXBuildFile; fileRef = 8574F86D22D40CCE00CBE213 /* NetworkLogger.swift */; };
		8574F87C22D40CCF00CBE213 /* EndPointType.swift in Sources */ = {isa = PBXBuildFile; fileRef = 8574F86E22D40CCE00CBE213 /* EndPointType.swift */; };
		8574F87D22D40CCF00CBE213 /* EndPoint.swift in Sources */ = {isa = PBXBuildFile; fileRef = 8574F87022D40CCE00CBE213 /* EndPoint.swift */; };
		8574F87E22D40CCF00CBE213 /* ParameterEncoding.swift in Sources */ = {isa = PBXBuildFile; fileRef = 8574F87222D40CCF00CBE213 /* ParameterEncoding.swift */; };
		8574F87F22D40CCF00CBE213 /* URLParameterEncoding.swift in Sources */ = {isa = PBXBuildFile; fileRef = 8574F87322D40CCF00CBE213 /* URLParameterEncoding.swift */; };
		8574F88022D40CCF00CBE213 /* JSONParameterEncoder.swift in Sources */ = {isa = PBXBuildFile; fileRef = 8574F87422D40CCF00CBE213 /* JSONParameterEncoder.swift */; };
		8574F88122D40CCF00CBE213 /* NetworkManager.swift in Sources */ = {isa = PBXBuildFile; fileRef = 8574F87622D40CCF00CBE213 /* NetworkManager.swift */; };
		8574F88822D40E4100CBE213 /* Meeting.swift in Sources */ = {isa = PBXBuildFile; fileRef = 8574F88722D40E4100CBE213 /* Meeting.swift */; };
		8574F88B22D414C500CBE213 /* UITableViewCell.swift in Sources */ = {isa = PBXBuildFile; fileRef = 8574F88A22D414C500CBE213 /* UITableViewCell.swift */; };
		8574F88D22D4150200CBE213 /* UIViewController.swift in Sources */ = {isa = PBXBuildFile; fileRef = 8574F88C22D4150200CBE213 /* UIViewController.swift */; };
		8574F88F22D4152A00CBE213 /* UIColor.swift in Sources */ = {isa = PBXBuildFile; fileRef = 8574F88E22D4152A00CBE213 /* UIColor.swift */; };
		8574F89122D4153E00CBE213 /* UILabel.swift in Sources */ = {isa = PBXBuildFile; fileRef = 8574F89022D4153E00CBE213 /* UILabel.swift */; };
		8574F89322D4160F00CBE213 /* MeetingPortrait.swift in Sources */ = {isa = PBXBuildFile; fileRef = 8574F89222D4160F00CBE213 /* MeetingPortrait.swift */; };
		8574F89522D4195200CBE213 /* MeetingLandscape.swift in Sources */ = {isa = PBXBuildFile; fileRef = 8574F89422D4195200CBE213 /* MeetingLandscape.swift */; };
		8574F89722D41A8900CBE213 /* MeetingDataSource.swift in Sources */ = {isa = PBXBuildFile; fileRef = 8574F89622D41A8900CBE213 /* MeetingDataSource.swift */; };
		8574F89A22D41AE300CBE213 /* Utility.swift in Sources */ = {isa = PBXBuildFile; fileRef = 8574F89922D41AE300CBE213 /* Utility.swift */; };
		8574F89C22D421C800CBE213 /* Date.swift in Sources */ = {isa = PBXBuildFile; fileRef = 8574F89B22D421C800CBE213 /* Date.swift */; };
		8574F89E22D4262E00CBE213 /* MeetingViewModel.swift in Sources */ = {isa = PBXBuildFile; fileRef = 8574F89D22D4262E00CBE213 /* MeetingViewModel.swift */; };
/* End PBXBuildFile section */

/* Begin PBXContainerItemProxy section */
		8574F84B22D40C9200CBE213 /* PBXContainerItemProxy */ = {
			isa = PBXContainerItemProxy;
			containerPortal = 8574F82E22D40C9000CBE213 /* Project object */;
			proxyType = 1;
			remoteGlobalIDString = 8574F83522D40C9000CBE213;
			remoteInfo = CompanyMeetingScheduler;
		};
		8574F85622D40C9300CBE213 /* PBXContainerItemProxy */ = {
			isa = PBXContainerItemProxy;
			containerPortal = 8574F82E22D40C9000CBE213 /* Project object */;
			proxyType = 1;
			remoteGlobalIDString = 8574F83522D40C9000CBE213;
			remoteInfo = CompanyMeetingScheduler;
		};
/* End PBXContainerItemProxy section */

/* Begin PBXFileReference section */
		8574F83622D40C9000CBE213 /* CompanyMeetingScheduler.app */ = {isa = PBXFileReference; explicitFileType = wrapper.application; includeInIndex = 0; path = CompanyMeetingScheduler.app; sourceTree = BUILT_PRODUCTS_DIR; };
		8574F83922D40C9000CBE213 /* AppDelegate.swift */ = {isa = PBXFileReference; lastKnownFileType = sourcecode.swift; path = AppDelegate.swift; sourceTree = "<group>"; };
		8574F83B22D40C9000CBE213 /* ViewController.swift */ = {isa = PBXFileReference; lastKnownFileType = sourcecode.swift; path = ViewController.swift; sourceTree = "<group>"; };
		8574F83E22D40C9000CBE213 /* Base */ = {isa = PBXFileReference; lastKnownFileType = file.storyboard; name = Base; path = Base.lproj/Main.storyboard; sourceTree = "<group>"; };
		8574F84022D40C9200CBE213 /* Assets.xcassets */ = {isa = PBXFileReference; lastKnownFileType = folder.assetcatalog; path = Assets.xcassets; sourceTree = "<group>"; };
		8574F84322D40C9200CBE213 /* Base */ = {isa = PBXFileReference; lastKnownFileType = file.storyboard; name = Base; path = Base.lproj/LaunchScreen.storyboard; sourceTree = "<group>"; };
		8574F84522D40C9200CBE213 /* Info.plist */ = {isa = PBXFileReference; lastKnownFileType = text.plist.xml; path = Info.plist; sourceTree = "<group>"; };
		8574F84A22D40C9200CBE213 /* CompanyMeetingSchedulerTests.xctest */ = {isa = PBXFileReference; explicitFileType = wrapper.cfbundle; includeInIndex = 0; path = CompanyMeetingSchedulerTests.xctest; sourceTree = BUILT_PRODUCTS_DIR; };
		8574F84E22D40C9200CBE213 /* CompanyMeetingSchedulerTests.swift */ = {isa = PBXFileReference; lastKnownFileType = sourcecode.swift; path = CompanyMeetingSchedulerTests.swift; sourceTree = "<group>"; };
		8574F85022D40C9300CBE213 /* Info.plist */ = {isa = PBXFileReference; lastKnownFileType = text.plist.xml; path = Info.plist; sourceTree = "<group>"; };
		8574F85522D40C9300CBE213 /* CompanyMeetingSchedulerUITests.xctest */ = {isa = PBXFileReference; explicitFileType = wrapper.cfbundle; includeInIndex = 0; path = CompanyMeetingSchedulerUITests.xctest; sourceTree = BUILT_PRODUCTS_DIR; };
		8574F85922D40C9300CBE213 /* CompanyMeetingSchedulerUITests.swift */ = {isa = PBXFileReference; lastKnownFileType = sourcecode.swift; path = CompanyMeetingSchedulerUITests.swift; sourceTree = "<group>"; };
		8574F85B22D40C9300CBE213 /* Info.plist */ = {isa = PBXFileReference; lastKnownFileType = text.plist.xml; path = Info.plist; sourceTree = "<group>"; };
		8574F86922D40CCE00CBE213 /* HTTPTask.swift */ = {isa = PBXFileReference; fileEncoding = 4; lastKnownFileType = sourcecode.swift; path = HTTPTask.swift; sourceTree = "<group>"; };
		8574F86A22D40CCE00CBE213 /* Reachability.swift */ = {isa = PBXFileReference; fileEncoding = 4; lastKnownFileType = sourcecode.swift; path = Reachability.swift; sourceTree = "<group>"; };
		8574F86B22D40CCE00CBE213 /* HTTPMethod.swift */ = {isa = PBXFileReference; fileEncoding = 4; lastKnownFileType = sourcecode.swift; path = HTTPMethod.swift; sourceTree = "<group>"; };
		8574F86C22D40CCE00CBE213 /* Router.swift */ = {isa = PBXFileReference; fileEncoding = 4; lastKnownFileType = sourcecode.swift; path = Router.swift; sourceTree = "<group>"; };
		8574F86D22D40CCE00CBE213 /* NetworkLogger.swift */ = {isa = PBXFileReference; fileEncoding = 4; lastKnownFileType = sourcecode.swift; path = NetworkLogger.swift; sourceTree = "<group>"; };
		8574F86E22D40CCE00CBE213 /* EndPointType.swift */ = {isa = PBXFileReference; fileEncoding = 4; lastKnownFileType = sourcecode.swift; path = EndPointType.swift; sourceTree = "<group>"; };
		8574F87022D40CCE00CBE213 /* EndPoint.swift */ = {isa = PBXFileReference; fileEncoding = 4; lastKnownFileType = sourcecode.swift; path = EndPoint.swift; sourceTree = "<group>"; };
		8574F87222D40CCF00CBE213 /* ParameterEncoding.swift */ = {isa = PBXFileReference; fileEncoding = 4; lastKnownFileType = sourcecode.swift; path = ParameterEncoding.swift; sourceTree = "<group>"; };
		8574F87322D40CCF00CBE213 /* URLParameterEncoding.swift */ = {isa = PBXFileReference; fileEncoding = 4; lastKnownFileType = sourcecode.swift; path = URLParameterEncoding.swift; sourceTree = "<group>"; };
		8574F87422D40CCF00CBE213 /* JSONParameterEncoder.swift */ = {isa = PBXFileReference; fileEncoding = 4; lastKnownFileType = sourcecode.swift; path = JSONParameterEncoder.swift; sourceTree = "<group>"; };
		8574F87622D40CCF00CBE213 /* NetworkManager.swift */ = {isa = PBXFileReference; fileEncoding = 4; lastKnownFileType = sourcecode.swift; path = NetworkManager.swift; sourceTree = "<group>"; };
		8574F88722D40E4100CBE213 /* Meeting.swift */ = {isa = PBXFileReference; lastKnownFileType = sourcecode.swift; path = Meeting.swift; sourceTree = "<group>"; };
		8574F88A22D414C500CBE213 /* UITableViewCell.swift */ = {isa = PBXFileReference; lastKnownFileType = sourcecode.swift; path = UITableViewCell.swift; sourceTree = "<group>"; };
		8574F88C22D4150200CBE213 /* UIViewController.swift */ = {isa = PBXFileReference; lastKnownFileType = sourcecode.swift; path = UIViewController.swift; sourceTree = "<group>"; };
		8574F88E22D4152A00CBE213 /* UIColor.swift */ = {isa = PBXFileReference; lastKnownFileType = sourcecode.swift; path = UIColor.swift; sourceTree = "<group>"; };
		8574F89022D4153E00CBE213 /* UILabel.swift */ = {isa = PBXFileReference; lastKnownFileType = sourcecode.swift; path = UILabel.swift; sourceTree = "<group>"; };
		8574F89222D4160F00CBE213 /* MeetingPortrait.swift */ = {isa = PBXFileReference; lastKnownFileType = sourcecode.swift; path = MeetingPortrait.swift; sourceTree = "<group>"; };
		8574F89422D4195200CBE213 /* MeetingLandscape.swift */ = {isa = PBXFileReference; lastKnownFileType = sourcecode.swift; path = MeetingLandscape.swift; sourceTree = "<group>"; };
		8574F89622D41A8900CBE213 /* MeetingDataSource.swift */ = {isa = PBXFileReference; lastKnownFileType = sourcecode.swift; path = MeetingDataSource.swift; sourceTree = "<group>"; };
		8574F89922D41AE300CBE213 /* Utility.swift */ = {isa = PBXFileReference; lastKnownFileType = sourcecode.swift; path = Utility.swift; sourceTree = "<group>"; };
		8574F89B22D421C800CBE213 /* Date.swift */ = {isa = PBXFileReference; lastKnownFileType = sourcecode.swift; path = Date.swift; sourceTree = "<group>"; };
		8574F89D22D4262E00CBE213 /* MeetingViewModel.swift */ = {isa = PBXFileReference; lastKnownFileType = sourcecode.swift; path = MeetingViewModel.swift; sourceTree = "<group>"; };
/* End PBXFileReference section */

/* Begin PBXFrameworksBuildPhase section */
		8574F83322D40C9000CBE213 /* Frameworks */ = {
			isa = PBXFrameworksBuildPhase;
			buildActionMask = 2147483647;
			files = (
			);
			runOnlyForDeploymentPostprocessing = 0;
		};
		8574F84722D40C9200CBE213 /* Frameworks */ = {
			isa = PBXFrameworksBuildPhase;
			buildActionMask = 2147483647;
			files = (
			);
			runOnlyForDeploymentPostprocessing = 0;
		};
		8574F85222D40C9300CBE213 /* Frameworks */ = {
			isa = PBXFrameworksBuildPhase;
			buildActionMask = 2147483647;
			files = (
			);
			runOnlyForDeploymentPostprocessing = 0;
		};
/* End PBXFrameworksBuildPhase section */

/* Begin PBXGroup section */
		8574F82D22D40C9000CBE213 = {
			isa = PBXGroup;
			children = (
				8574F83822D40C9000CBE213 /* CompanyMeetingScheduler */,
				8574F84D22D40C9200CBE213 /* CompanyMeetingSchedulerTests */,
				8574F85822D40C9300CBE213 /* CompanyMeetingSchedulerUITests */,
				8574F83722D40C9000CBE213 /* Products */,
			);
			sourceTree = "<group>";
		};
		8574F83722D40C9000CBE213 /* Products */ = {
			isa = PBXGroup;
			children = (
				8574F83622D40C9000CBE213 /* CompanyMeetingScheduler.app */,
				8574F84A22D40C9200CBE213 /* CompanyMeetingSchedulerTests.xctest */,
				8574F85522D40C9300CBE213 /* CompanyMeetingSchedulerUITests.xctest */,
			);
			name = Products;
			sourceTree = "<group>";
		};
		8574F83822D40C9000CBE213 /* CompanyMeetingScheduler */ = {
			isa = PBXGroup;
			children = (
				8574F89822D41ACE00CBE213 /* Utility */,
				8574F88922D414AE00CBE213 /* Extensions */,
				8574F88222D40E0E00CBE213 /* Meeting */,
				8574F86722D40C9E00CBE213 /* Networking */,
				8574F83922D40C9000CBE213 /* AppDelegate.swift */,
				8574F83D22D40C9000CBE213 /* Main.storyboard */,
				8574F84022D40C9200CBE213 /* Assets.xcassets */,
				8574F84222D40C9200CBE213 /* LaunchScreen.storyboard */,
				8574F84522D40C9200CBE213 /* Info.plist */,
			);
			path = CompanyMeetingScheduler;
			sourceTree = "<group>";
		};
		8574F84D22D40C9200CBE213 /* CompanyMeetingSchedulerTests */ = {
			isa = PBXGroup;
			children = (
				8574F84E22D40C9200CBE213 /* CompanyMeetingSchedulerTests.swift */,
				8574F85022D40C9300CBE213 /* Info.plist */,
			);
			path = CompanyMeetingSchedulerTests;
			sourceTree = "<group>";
		};
		8574F85822D40C9300CBE213 /* CompanyMeetingSchedulerUITests */ = {
			isa = PBXGroup;
			children = (
				8574F85922D40C9300CBE213 /* CompanyMeetingSchedulerUITests.swift */,
				8574F85B22D40C9300CBE213 /* Info.plist */,
			);
			path = CompanyMeetingSchedulerUITests;
			sourceTree = "<group>";
		};
		8574F86722D40C9E00CBE213 /* Networking */ = {
			isa = PBXGroup;
			children = (
				8574F87122D40CCF00CBE213 /* Encoding */,
				8574F86F22D40CCE00CBE213 /* EndPoint */,
				8574F87522D40CCF00CBE213 /* Manager */,
				8574F86822D40CCE00CBE213 /* Service */,
			);
			path = Networking;
			sourceTree = "<group>";
		};
		8574F86822D40CCE00CBE213 /* Service */ = {
			isa = PBXGroup;
			children = (
				8574F86922D40CCE00CBE213 /* HTTPTask.swift */,
				8574F86A22D40CCE00CBE213 /* Reachability.swift */,
				8574F86B22D40CCE00CBE213 /* HTTPMethod.swift */,
				8574F86C22D40CCE00CBE213 /* Router.swift */,
				8574F86D22D40CCE00CBE213 /* NetworkLogger.swift */,
				8574F86E22D40CCE00CBE213 /* EndPointType.swift */,
			);
			path = Service;
			sourceTree = "<group>";
		};
		8574F86F22D40CCE00CBE213 /* EndPoint */ = {
			isa = PBXGroup;
			children = (
				8574F87022D40CCE00CBE213 /* EndPoint.swift */,
			);
			path = EndPoint;
			sourceTree = "<group>";
		};
		8574F87122D40CCF00CBE213 /* Encoding */ = {
			isa = PBXGroup;
			children = (
				8574F87222D40CCF00CBE213 /* ParameterEncoding.swift */,
				8574F87322D40CCF00CBE213 /* URLParameterEncoding.swift */,
				8574F87422D40CCF00CBE213 /* JSONParameterEncoder.swift */,
			);
			path = Encoding;
			sourceTree = "<group>";
		};
		8574F87522D40CCF00CBE213 /* Manager */ = {
			isa = PBXGroup;
			children = (
				8574F87622D40CCF00CBE213 /* NetworkManager.swift */,
			);
			path = Manager;
			sourceTree = "<group>";
		};
		8574F88222D40E0E00CBE213 /* Meeting */ = {
			isa = PBXGroup;
			children = (
				8574F88522D40E2100CBE213 /* ViewModel */,
				8574F88422D40E1C00CBE213 /* View */,
				8574F88322D40E1600CBE213 /* Model */,
			);
			path = Meeting;
			sourceTree = "<group>";
		};
		8574F88322D40E1600CBE213 /* Model */ = {
			isa = PBXGroup;
			children = (
				8574F88722D40E4100CBE213 /* Meeting.swift */,
			);
			path = Model;
			sourceTree = "<group>";
		};
		8574F88422D40E1C00CBE213 /* View */ = {
			isa = PBXGroup;
			children = (
				8574F83B22D40C9000CBE213 /* ViewController.swift */,
				8574F89222D4160F00CBE213 /* MeetingPortrait.swift */,
				8574F89422D4195200CBE213 /* MeetingLandscape.swift */,
				8574F89622D41A8900CBE213 /* MeetingDataSource.swift */,
			);
			path = View;
			sourceTree = "<group>";
		};
		8574F88522D40E2100CBE213 /* ViewModel */ = {
			isa = PBXGroup;
			children = (
				8574F89D22D4262E00CBE213 /* MeetingViewModel.swift */,
			);
			path = ViewModel;
			sourceTree = "<group>";
		};
		8574F88922D414AE00CBE213 /* Extensions */ = {
			isa = PBXGroup;
			children = (
				8574F88A22D414C500CBE213 /* UITableViewCell.swift */,
				8574F88C22D4150200CBE213 /* UIViewController.swift */,
				8574F88E22D4152A00CBE213 /* UIColor.swift */,
				8574F89022D4153E00CBE213 /* UILabel.swift */,
				8574F89B22D421C800CBE213 /* Date.swift */,
			);
			path = Extensions;
			sourceTree = "<group>";
		};
		8574F89822D41ACE00CBE213 /* Utility */ = {
			isa = PBXGroup;
			children = (
				8574F89922D41AE300CBE213 /* Utility.swift */,
			);
			path = Utility;
			sourceTree = "<group>";
		};
/* End PBXGroup section */

/* Begin PBXNativeTarget section */
		8574F83522D40C9000CBE213 /* CompanyMeetingScheduler */ = {
			isa = PBXNativeTarget;
			buildConfigurationList = 8574F85E22D40C9300CBE213 /* Build configuration list for PBXNativeTarget "CompanyMeetingScheduler" */;
			buildPhases = (
				8574F83222D40C9000CBE213 /* Sources */,
				8574F83322D40C9000CBE213 /* Frameworks */,
				8574F83422D40C9000CBE213 /* Resources */,
			);
			buildRules = (
			);
			dependencies = (
			);
			name = CompanyMeetingScheduler;
			productName = CompanyMeetingScheduler;
			productReference = 8574F83622D40C9000CBE213 /* CompanyMeetingScheduler.app */;
			productType = "com.apple.product-type.application";
		};
		8574F84922D40C9200CBE213 /* CompanyMeetingSchedulerTests */ = {
			isa = PBXNativeTarget;
			buildConfigurationList = 8574F86122D40C9300CBE213 /* Build configuration list for PBXNativeTarget "CompanyMeetingSchedulerTests" */;
			buildPhases = (
				8574F84622D40C9200CBE213 /* Sources */,
				8574F84722D40C9200CBE213 /* Frameworks */,
				8574F84822D40C9200CBE213 /* Resources */,
			);
			buildRules = (
			);
			dependencies = (
				8574F84C22D40C9200CBE213 /* PBXTargetDependency */,
			);
			name = CompanyMeetingSchedulerTests;
			productName = CompanyMeetingSchedulerTests;
			productReference = 8574F84A22D40C9200CBE213 /* CompanyMeetingSchedulerTests.xctest */;
			productType = "com.apple.product-type.bundle.unit-test";
		};
		8574F85422D40C9300CBE213 /* CompanyMeetingSchedulerUITests */ = {
			isa = PBXNativeTarget;
			buildConfigurationList = 8574F86422D40C9300CBE213 /* Build configuration list for PBXNativeTarget "CompanyMeetingSchedulerUITests" */;
			buildPhases = (
				8574F85122D40C9300CBE213 /* Sources */,
				8574F85222D40C9300CBE213 /* Frameworks */,
				8574F85322D40C9300CBE213 /* Resources */,
			);
			buildRules = (
			);
			dependencies = (
				8574F85722D40C9300CBE213 /* PBXTargetDependency */,
			);
			name = CompanyMeetingSchedulerUITests;
			productName = CompanyMeetingSchedulerUITests;
			productReference = 8574F85522D40C9300CBE213 /* CompanyMeetingSchedulerUITests.xctest */;
			productType = "com.apple.product-type.bundle.ui-testing";
		};
/* End PBXNativeTarget section */

/* Begin PBXProject section */
		8574F82E22D40C9000CBE213 /* Project object */ = {
			isa = PBXProject;
			attributes = {
				LastSwiftUpdateCheck = 1020;
				LastUpgradeCheck = 1020;
				ORGANIZATIONNAME = Manav;
				TargetAttributes = {
					8574F83522D40C9000CBE213 = {
						CreatedOnToolsVersion = 10.2.1;
					};
					8574F84922D40C9200CBE213 = {
						CreatedOnToolsVersion = 10.2.1;
						TestTargetID = 8574F83522D40C9000CBE213;
					};
					8574F85422D40C9300CBE213 = {
						CreatedOnToolsVersion = 10.2.1;
						TestTargetID = 8574F83522D40C9000CBE213;
					};
				};
			};
			buildConfigurationList = 8574F83122D40C9000CBE213 /* Build configuration list for PBXProject "CompanyMeetingScheduler" */;
			compatibilityVersion = "Xcode 9.3";
			developmentRegion = en;
			hasScannedForEncodings = 0;
			knownRegions = (
				en,
				Base,
			);
			mainGroup = 8574F82D22D40C9000CBE213;
			productRefGroup = 8574F83722D40C9000CBE213 /* Products */;
			projectDirPath = "";
			projectRoot = "";
			targets = (
				8574F83522D40C9000CBE213 /* CompanyMeetingScheduler */,
				8574F84922D40C9200CBE213 /* CompanyMeetingSchedulerTests */,
				8574F85422D40C9300CBE213 /* CompanyMeetingSchedulerUITests */,
			);
		};
/* End PBXProject section */

/* Begin PBXResourcesBuildPhase section */
		8574F83422D40C9000CBE213 /* Resources */ = {
			isa = PBXResourcesBuildPhase;
			buildActionMask = 2147483647;
			files = (
				8574F84422D40C9200CBE213 /* LaunchScreen.storyboard in Resources */,
				8574F84122D40C9200CBE213 /* Assets.xcassets in Resources */,
				8574F83F22D40C9000CBE213 /* Main.storyboard in Resources */,
			);
			runOnlyForDeploymentPostprocessing = 0;
		};
		8574F84822D40C9200CBE213 /* Resources */ = {
			isa = PBXResourcesBuildPhase;
			buildActionMask = 2147483647;
			files = (
			);
			runOnlyForDeploymentPostprocessing = 0;
		};
		8574F85322D40C9300CBE213 /* Resources */ = {
			isa = PBXResourcesBuildPhase;
			buildActionMask = 2147483647;
			files = (
			);
			runOnlyForDeploymentPostprocessing = 0;
		};
/* End PBXResourcesBuildPhase section */

/* Begin PBXSourcesBuildPhase section */
		8574F83222D40C9000CBE213 /* Sources */ = {
			isa = PBXSourcesBuildPhase;
			buildActionMask = 2147483647;
			files = (
				8574F89C22D421C800CBE213 /* Date.swift in Sources */,
				8574F88B22D414C500CBE213 /* UITableViewCell.swift in Sources */,
				8574F89722D41A8900CBE213 /* MeetingDataSource.swift in Sources */,
				8574F87C22D40CCF00CBE213 /* EndPointType.swift in Sources */,
				8574F87B22D40CCF00CBE213 /* NetworkLogger.swift in Sources */,
				8574F87E22D40CCF00CBE213 /* ParameterEncoding.swift in Sources */,
				8574F89122D4153E00CBE213 /* UILabel.swift in Sources */,
				8574F88122D40CCF00CBE213 /* NetworkManager.swift in Sources */,
				8574F87722D40CCF00CBE213 /* HTTPTask.swift in Sources */,
				8574F88F22D4152A00CBE213 /* UIColor.swift in Sources */,
				8574F87D22D40CCF00CBE213 /* EndPoint.swift in Sources */,
				8574F83C22D40C9000CBE213 /* ViewController.swift in Sources */,
				8574F88822D40E4100CBE213 /* Meeting.swift in Sources */,
				8574F87822D40CCF00CBE213 /* Reachability.swift in Sources */,
				8574F89E22D4262E00CBE213 /* MeetingViewModel.swift in Sources */,
				8574F87F22D40CCF00CBE213 /* URLParameterEncoding.swift in Sources */,
				8574F89A22D41AE300CBE213 /* Utility.swift in Sources */,
				8574F88022D40CCF00CBE213 /* JSONParameterEncoder.swift in Sources */,
				8574F87922D40CCF00CBE213 /* HTTPMethod.swift in Sources */,
				8574F87A22D40CCF00CBE213 /* Router.swift in Sources */,
				8574F88D22D4150200CBE213 /* UIViewController.swift in Sources */,
				8574F89522D4195200CBE213 /* MeetingLandscape.swift in Sources */,
				8574F83A22D40C9000CBE213 /* AppDelegate.swift in Sources */,
				8574F89322D4160F00CBE213 /* MeetingPortrait.swift in Sources */,
			);
			runOnlyForDeploymentPostprocessing = 0;
		};
		8574F84622D40C9200CBE213 /* Sources */ = {
			isa = PBXSourcesBuildPhase;
			buildActionMask = 2147483647;
			files = (
				8574F84F22D40C9200CBE213 /* CompanyMeetingSchedulerTests.swift in Sources */,
			);
			runOnlyForDeploymentPostprocessing = 0;
		};
		8574F85122D40C9300CBE213 /* Sources */ = {
			isa = PBXSourcesBuildPhase;
			buildActionMask = 2147483647;
			files = (
				8574F85A22D40C9300CBE213 /* CompanyMeetingSchedulerUITests.swift in Sources */,
			);
			runOnlyForDeploymentPostprocessing = 0;
		};
/* End PBXSourcesBuildPhase section */

/* Begin PBXTargetDependency section */
		8574F84C22D40C9200CBE213 /* PBXTargetDependency */ = {
			isa = PBXTargetDependency;
			target = 8574F83522D40C9000CBE213 /* CompanyMeetingScheduler */;
			targetProxy = 8574F84B22D40C9200CBE213 /* PBXContainerItemProxy */;
		};
		8574F85722D40C9300CBE213 /* PBXTargetDependency */ = {
			isa = PBXTargetDependency;
			target = 8574F83522D40C9000CBE213 /* CompanyMeetingScheduler */;
			targetProxy = 8574F85622D40C9300CBE213 /* PBXContainerItemProxy */;
		};
/* End PBXTargetDependency section */

/* Begin PBXVariantGroup section */
		8574F83D22D40C9000CBE213 /* Main.storyboard */ = {
			isa = PBXVariantGroup;
			children = (
				8574F83E22D40C9000CBE213 /* Base */,
			);
			name = Main.storyboard;
			sourceTree = "<group>";
		};
		8574F84222D40C9200CBE213 /* LaunchScreen.storyboard */ = {
			isa = PBXVariantGroup;
			children = (
				8574F84322D40C9200CBE213 /* Base */,
			);
			name = LaunchScreen.storyboard;
			sourceTree = "<group>";
		};
/* End PBXVariantGroup section */

/* Begin XCBuildConfiguration section */
		8574F85C22D40C9300CBE213 /* Debug */ = {
			isa = XCBuildConfiguration;
			buildSettings = {
				ALWAYS_SEARCH_USER_PATHS = NO;
				CLANG_ANALYZER_NONNULL = YES;
				CLANG_ANALYZER_NUMBER_OBJECT_CONVERSION = YES_AGGRESSIVE;
				CLANG_CXX_LANGUAGE_STANDARD = "gnu++14";
				CLANG_CXX_LIBRARY = "libc++";
				CLANG_ENABLE_MODULES = YES;
				CLANG_ENABLE_OBJC_ARC = YES;
				CLANG_ENABLE_OBJC_WEAK = YES;
				CLANG_WARN_BLOCK_CAPTURE_AUTORELEASING = YES;
				CLANG_WARN_BOOL_CONVERSION = YES;
				CLANG_WARN_COMMA = YES;
				CLANG_WARN_CONSTANT_CONVERSION = YES;
				CLANG_WARN_DEPRECATED_OBJC_IMPLEMENTATIONS = YES;
				CLANG_WARN_DIRECT_OBJC_ISA_USAGE = YES_ERROR;
				CLANG_WARN_DOCUMENTATION_COMMENTS = YES;
				CLANG_WARN_EMPTY_BODY = YES;
				CLANG_WARN_ENUM_CONVERSION = YES;
				CLANG_WARN_INFINITE_RECURSION = YES;
				CLANG_WARN_INT_CONVERSION = YES;
				CLANG_WARN_NON_LITERAL_NULL_CONVERSION = YES;
				CLANG_WARN_OBJC_IMPLICIT_RETAIN_SELF = YES;
				CLANG_WARN_OBJC_LITERAL_CONVERSION = YES;
				CLANG_WARN_OBJC_ROOT_CLASS = YES_ERROR;
				CLANG_WARN_RANGE_LOOP_ANALYSIS = YES;
				CLANG_WARN_STRICT_PROTOTYPES = YES;
				CLANG_WARN_SUSPICIOUS_MOVE = YES;
				CLANG_WARN_UNGUARDED_AVAILABILITY = YES_AGGRESSIVE;
				CLANG_WARN_UNREACHABLE_CODE = YES;
				CLANG_WARN__DUPLICATE_METHOD_MATCH = YES;
				CODE_SIGN_IDENTITY = "iPhone Developer";
				COPY_PHASE_STRIP = NO;
				DEBUG_INFORMATION_FORMAT = dwarf;
				ENABLE_STRICT_OBJC_MSGSEND = YES;
				ENABLE_TESTABILITY = YES;
				GCC_C_LANGUAGE_STANDARD = gnu11;
				GCC_DYNAMIC_NO_PIC = NO;
				GCC_NO_COMMON_BLOCKS = YES;
				GCC_OPTIMIZATION_LEVEL = 0;
				GCC_PREPROCESSOR_DEFINITIONS = (
					"DEBUG=1",
					"$(inherited)",
				);
				GCC_WARN_64_TO_32_BIT_CONVERSION = YES;
				GCC_WARN_ABOUT_RETURN_TYPE = YES_ERROR;
				GCC_WARN_UNDECLARED_SELECTOR = YES;
				GCC_WARN_UNINITIALIZED_AUTOS = YES_AGGRESSIVE;
				GCC_WARN_UNUSED_FUNCTION = YES;
				GCC_WARN_UNUSED_VARIABLE = YES;
				IPHONEOS_DEPLOYMENT_TARGET = 12.2;
				MTL_ENABLE_DEBUG_INFO = INCLUDE_SOURCE;
				MTL_FAST_MATH = YES;
				ONLY_ACTIVE_ARCH = YES;
				SDKROOT = iphoneos;
				SWIFT_ACTIVE_COMPILATION_CONDITIONS = DEBUG;
				SWIFT_OPTIMIZATION_LEVEL = "-Onone";
			};
			name = Debug;
		};
		8574F85D22D40C9300CBE213 /* Release */ = {
			isa = XCBuildConfiguration;
			buildSettings = {
				ALWAYS_SEARCH_USER_PATHS = NO;
				CLANG_ANALYZER_NONNULL = YES;
				CLANG_ANALYZER_NUMBER_OBJECT_CONVERSION = YES_AGGRESSIVE;
				CLANG_CXX_LANGUAGE_STANDARD = "gnu++14";
				CLANG_CXX_LIBRARY = "libc++";
				CLANG_ENABLE_MODULES = YES;
				CLANG_ENABLE_OBJC_ARC = YES;
				CLANG_ENABLE_OBJC_WEAK = YES;
				CLANG_WARN_BLOCK_CAPTURE_AUTORELEASING = YES;
				CLANG_WARN_BOOL_CONVERSION = YES;
				CLANG_WARN_COMMA = YES;
				CLANG_WARN_CONSTANT_CONVERSION = YES;
				CLANG_WARN_DEPRECATED_OBJC_IMPLEMENTATIONS = YES;
				CLANG_WARN_DIRECT_OBJC_ISA_USAGE = YES_ERROR;
				CLANG_WARN_DOCUMENTATION_COMMENTS = YES;
				CLANG_WARN_EMPTY_BODY = YES;
				CLANG_WARN_ENUM_CONVERSION = YES;
				CLANG_WARN_INFINITE_RECURSION = YES;
				CLANG_WARN_INT_CONVERSION = YES;
				CLANG_WARN_NON_LITERAL_NULL_CONVERSION = YES;
				CLANG_WARN_OBJC_IMPLICIT_RETAIN_SELF = YES;
				CLANG_WARN_OBJC_LITERAL_CONVERSION = YES;
				CLANG_WARN_OBJC_ROOT_CLASS = YES_ERROR;
				CLANG_WARN_RANGE_LOOP_ANALYSIS = YES;
				CLANG_WARN_STRICT_PROTOTYPES = YES;
				CLANG_WARN_SUSPICIOUS_MOVE = YES;
				CLANG_WARN_UNGUARDED_AVAILABILITY = YES_AGGRESSIVE;
				CLANG_WARN_UNREACHABLE_CODE = YES;
				CLANG_WARN__DUPLICATE_METHOD_MATCH = YES;
				CODE_SIGN_IDENTITY = "iPhone Developer";
				COPY_PHASE_STRIP = NO;
				DEBUG_INFORMATION_FORMAT = "dwarf-with-dsym";
				ENABLE_NS_ASSERTIONS = NO;
				ENABLE_STRICT_OBJC_MSGSEND = YES;
				GCC_C_LANGUAGE_STANDARD = gnu11;
				GCC_NO_COMMON_BLOCKS = YES;
				GCC_WARN_64_TO_32_BIT_CONVERSION = YES;
				GCC_WARN_ABOUT_RETURN_TYPE = YES_ERROR;
				GCC_WARN_UNDECLARED_SELECTOR = YES;
				GCC_WARN_UNINITIALIZED_AUTOS = YES_AGGRESSIVE;
				GCC_WARN_UNUSED_FUNCTION = YES;
				GCC_WARN_UNUSED_VARIABLE = YES;
				IPHONEOS_DEPLOYMENT_TARGET = 12.2;
				MTL_ENABLE_DEBUG_INFO = NO;
				MTL_FAST_MATH = YES;
				SDKROOT = iphoneos;
				SWIFT_COMPILATION_MODE = wholemodule;
				SWIFT_OPTIMIZATION_LEVEL = "-O";
				VALIDATE_PRODUCT = YES;
			};
			name = Release;
		};
		8574F85F22D40C9300CBE213 /* Debug */ = {
			isa = XCBuildConfiguration;
			buildSettings = {
				ASSETCATALOG_COMPILER_APPICON_NAME = AppIcon;
				CODE_SIGN_STYLE = Automatic;
				INFOPLIST_FILE = CompanyMeetingScheduler/Info.plist;
				LD_RUNPATH_SEARCH_PATHS = (
					"$(inherited)",
					"@executable_path/Frameworks",
				);
				PRODUCT_BUNDLE_IDENTIFIER = com.manav.CompanyMeetingScheduler;
				PRODUCT_NAME = "$(TARGET_NAME)";
				SWIFT_VERSION = 5.0;
				TARGETED_DEVICE_FAMILY = "1,2";
			};
			name = Debug;
		};
		8574F86022D40C9300CBE213 /* Release */ = {
			isa = XCBuildConfiguration;
			buildSettings = {
				ASSETCATALOG_COMPILER_APPICON_NAME = AppIcon;
				CODE_SIGN_STYLE = Automatic;
				INFOPLIST_FILE = CompanyMeetingScheduler/Info.plist;
				LD_RUNPATH_SEARCH_PATHS = (
					"$(inherited)",
					"@executable_path/Frameworks",
				);
				PRODUCT_BUNDLE_IDENTIFIER = com.manav.CompanyMeetingScheduler;
				PRODUCT_NAME = "$(TARGET_NAME)";
				SWIFT_VERSION = 5.0;
				TARGETED_DEVICE_FAMILY = "1,2";
			};
			name = Release;
		};
		8574F86222D40C9300CBE213 /* Debug */ = {
			isa = XCBuildConfiguration;
			buildSettings = {
				ALWAYS_EMBED_SWIFT_STANDARD_LIBRARIES = YES;
				BUNDLE_LOADER = "$(TEST_HOST)";
				CODE_SIGN_STYLE = Automatic;
				INFOPLIST_FILE = CompanyMeetingSchedulerTests/Info.plist;
				LD_RUNPATH_SEARCH_PATHS = (
					"$(inherited)",
					"@executable_path/Frameworks",
					"@loader_path/Frameworks",
				);
				PRODUCT_BUNDLE_IDENTIFIER = com.manav.CompanyMeetingSchedulerTests;
				PRODUCT_NAME = "$(TARGET_NAME)";
				SWIFT_VERSION = 5.0;
				TARGETED_DEVICE_FAMILY = "1,2";
				TEST_HOST = "$(BUILT_PRODUCTS_DIR)/CompanyMeetingScheduler.app/CompanyMeetingScheduler";
			};
			name = Debug;
		};
		8574F86322D40C9300CBE213 /* Release */ = {
			isa = XCBuildConfiguration;
			buildSettings = {
				ALWAYS_EMBED_SWIFT_STANDARD_LIBRARIES = YES;
				BUNDLE_LOADER = "$(TEST_HOST)";
				CODE_SIGN_STYLE = Automatic;
				INFOPLIST_FILE = CompanyMeetingSchedulerTests/Info.plist;
				LD_RUNPATH_SEARCH_PATHS = (
					"$(inherited)",
					"@executable_path/Frameworks",
					"@loader_path/Frameworks",
				);
				PRODUCT_BUNDLE_IDENTIFIER = com.manav.CompanyMeetingSchedulerTests;
				PRODUCT_NAME = "$(TARGET_NAME)";
				SWIFT_VERSION = 5.0;
				TARGETED_DEVICE_FAMILY = "1,2";
				TEST_HOST = "$(BUILT_PRODUCTS_DIR)/CompanyMeetingScheduler.app/CompanyMeetingScheduler";
			};
			name = Release;
		};
		8574F86522D40C9300CBE213 /* Debug */ = {
			isa = XCBuildConfiguration;
			buildSettings = {
				ALWAYS_EMBED_SWIFT_STANDARD_LIBRARIES = YES;
				CODE_SIGN_STYLE = Automatic;
				INFOPLIST_FILE = CompanyMeetingSchedulerUITests/Info.plist;
				LD_RUNPATH_SEARCH_PATHS = (
					"$(inherited)",
					"@executable_path/Frameworks",
					"@loader_path/Frameworks",
				);
				PRODUCT_BUNDLE_IDENTIFIER = com.manav.CompanyMeetingSchedulerUITests;
				PRODUCT_NAME = "$(TARGET_NAME)";
				SWIFT_VERSION = 5.0;
				TARGETED_DEVICE_FAMILY = "1,2";
				TEST_TARGET_NAME = CompanyMeetingScheduler;
			};
			name = Debug;
		};
		8574F86622D40C9300CBE213 /* Release */ = {
			isa = XCBuildConfiguration;
			buildSettings = {
				ALWAYS_EMBED_SWIFT_STANDARD_LIBRARIES = YES;
				CODE_SIGN_STYLE = Automatic;
				INFOPLIST_FILE = CompanyMeetingSchedulerUITests/Info.plist;
				LD_RUNPATH_SEARCH_PATHS = (
					"$(inherited)",
					"@executable_path/Frameworks",
					"@loader_path/Frameworks",
				);
				PRODUCT_BUNDLE_IDENTIFIER = com.manav.CompanyMeetingSchedulerUITests;
				PRODUCT_NAME = "$(TARGET_NAME)";
				SWIFT_VERSION = 5.0;
				TARGETED_DEVICE_FAMILY = "1,2";
				TEST_TARGET_NAME = CompanyMeetingScheduler;
			};
			name = Release;
		};
/* End XCBuildConfiguration section */

/* Begin XCConfigurationList section */
		8574F83122D40C9000CBE213 /* Build configuration list for PBXProject "CompanyMeetingScheduler" */ = {
			isa = XCConfigurationList;
			buildConfigurations = (
				8574F85C22D40C9300CBE213 /* Debug */,
				8574F85D22D40C9300CBE213 /* Release */,
			);
			defaultConfigurationIsVisible = 0;
			defaultConfigurationName = Release;
		};
		8574F85E22D40C9300CBE213 /* Build configuration list for PBXNativeTarget "CompanyMeetingScheduler" */ = {
			isa = XCConfigurationList;
			buildConfigurations = (
				8574F85F22D40C9300CBE213 /* Debug */,
				8574F86022D40C9300CBE213 /* Release */,
			);
			defaultConfigurationIsVisible = 0;
			defaultConfigurationName = Release;
		};
		8574F86122D40C9300CBE213 /* Build configuration list for PBXNativeTarget "CompanyMeetingSchedulerTests" */ = {
			isa = XCConfigurationList;
			buildConfigurations = (
				8574F86222D40C9300CBE213 /* Debug */,
				8574F86322D40C9300CBE213 /* Release */,
			);
			defaultConfigurationIsVisible = 0;
			defaultConfigurationName = Release;
		};
		8574F86422D40C9300CBE213 /* Build configuration list for PBXNativeTarget "CompanyMeetingSchedulerUITests" */ = {
			isa = XCConfigurationList;
			buildConfigurations = (
				8574F86522D40C9300CBE213 /* Debug */,
				8574F86622D40C9300CBE213 /* Release */,
			);
			defaultConfigurationIsVisible = 0;
			defaultConfigurationName = Release;
		};
/* End XCConfigurationList section */
	};
	rootObject = 8574F82E22D40C9000CBE213 /* Project object */;
}
